
Microsoft Visual Studio Solution File, Format Version 12.00
# Visual Studio 15
VisualStudioVersion = 15.0.28307.329
MinimumVisualStudioVersion = 10.0.40219.1
Project("{FAE04EC0-301F-11D3-BF4B-00C04F79EFBC}") = "BMI_Calculator", "BMI_Calculator\BMI_Calculator.csproj", "{E25D04BE-798F-434D-BFCE-D647B7C0B109}"
EndProject
Global
	GlobalSection(SolutionConfigurationPlatforms) = preSolution
		Debug|Any CPU = Debug|Any CPU
		Release|Any CPU = Release|Any CPU
	EndGlobalSection
	GlobalSection(ProjectConfigurationPlatforms) = postSolution
		{E25D04BE-798F-434D-BFCE-D647B7C0B109}.Debug|Any CPU.ActiveCfg = Debug|Any CPU
		{E25D04BE-798F-434D-BFCE-D647B7C0B109}.Debug|Any CPU.Build.0 = Debug|Any CPU
		{E25D04BE-798F-434D-BFCE-D647B7C0B109}.Release|Any CPU.ActiveCfg = Release|Any CPU
		{E25D04BE-798F-434D-BFCE-D647B7C0B109}.Release|Any CPU.Build.0 = Release|Any CPU
	EndGlobalSection
	GlobalSection(SolutionProperties) = preSolution
		HideSolutionNode = FALSE
	EndGlobalSection
	GlobalSection(ExtensibilityGlobals) = postSolution
		SolutionGuid = {0832FFEA-C44C-417E-AA16-AC17D8C0CEB9}
	EndGlobalSection
EndGlobal
